
Microsoft Visual Studio Solution File, Format Version 12.00
# Visual Studio 15
Project("{FAE04EC0-301F-11D3-BF4B-00C04F79EFBC}") = "Badshah.Android", "Badshah.Android\Badshah.Android.csproj", "{270F923C-A877-4740-BAA6-343A6A6C8CC7}"
EndProject
Project("{FAE04EC0-301F-11D3-BF4B-00C04F79EFBC}") = "Badshah.iOS", "Badshah.iOS\Badshah.iOS.csproj", "{785AAE0B-13CC-4A9D-B3B5-494DB7D22D86}"
EndProject
Project("{FAE04EC0-301F-11D3-BF4B-00C04F79EFBC}") = "Badshah", "Badshah\Badshah.csproj", "{5DF96928-572E-4D53-ABCE-F8DA75DD0561}"
EndProject
Global
	GlobalSection(SolutionConfigurationPlatforms) = preSolution
		Debug|Any CPU = Debug|Any CPU
		Release|Any CPU = Release|Any CPU
		Debug|iPhoneSimulator = Debug|iPhoneSimulator
		Release|iPhoneSimulator = Release|iPhoneSimulator
		Debug|iPhone = Debug|iPhone
		Release|iPhone = Release|iPhone
		Ad-Hoc|iPhone = Ad-Hoc|iPhone
		AppStore|iPhone = AppStore|iPhone
	EndGlobalSection
	GlobalSection(ProjectConfigurationPlatforms) = postSolution
		{270F923C-A877-4740-BAA6-343A6A6C8CC7}.Debug|Any CPU.ActiveCfg = Debug|Any CPU
		{270F923C-A877-4740-BAA6-343A6A6C8CC7}.Debug|Any CPU.Build.0 = Debug|Any CPU
		{270F923C-A877-4740-BAA6-343A6A6C8CC7}.Release|Any CPU.ActiveCfg = Release|Any CPU
		{270F923C-A877-4740-BAA6-343A6A6C8CC7}.Release|Any CPU.Build.0 = Release|Any CPU
		{270F923C-A877-4740-BAA6-343A6A6C8CC7}.Debug|iPhoneSimulator.ActiveCfg = Debug|Any CPU
		{270F923C-A877-4740-BAA6-343A6A6C8CC7}.Debug|iPhoneSimulator.Build.0 = Debug|Any CPU
		{270F923C-A877-4740-BAA6-343A6A6C8CC7}.Release|iPhoneSimulator.ActiveCfg = Release|Any CPU
		{270F923C-A877-4740-BAA6-343A6A6C8CC7}.Release|iPhoneSimulator.Build.0 = Release|Any CPU
		{270F923C-A877-4740-BAA6-343A6A6C8CC7}.Debug|iPhone.ActiveCfg = Debug|Any CPU
		{270F923C-A877-4740-BAA6-343A6A6C8CC7}.Debug|iPhone.Build.0 = Debug|Any CPU
		{270F923C-A877-4740-BAA6-343A6A6C8CC7}.Release|iPhone.ActiveCfg = Release|Any CPU
		{270F923C-A877-4740-BAA6-343A6A6C8CC7}.Release|iPhone.Build.0 = Release|Any CPU
		{270F923C-A877-4740-BAA6-343A6A6C8CC7}.Ad-Hoc|iPhone.ActiveCfg = Debug|Any CPU
		{270F923C-A877-4740-BAA6-343A6A6C8CC7}.Ad-Hoc|iPhone.Build.0 = Debug|Any CPU
		{270F923C-A877-4740-BAA6-343A6A6C8CC7}.AppStore|iPhone.ActiveCfg = Debug|Any CPU
		{270F923C-A877-4740-BAA6-343A6A6C8CC7}.AppStore|iPhone.Build.0 = Debug|Any CPU
		{785AAE0B-13CC-4A9D-B3B5-494DB7D22D86}.Debug|Any CPU.ActiveCfg = Debug|iPhoneSimulator
		{785AAE0B-13CC-4A9D-B3B5-494DB7D22D86}.Debug|Any CPU.Build.0 = Debug|iPhoneSimulator
		{785AAE0B-13CC-4A9D-B3B5-494DB7D22D86}.Release|Any CPU.ActiveCfg = Release|iPhoneSimulator
		{785AAE0B-13CC-4A9D-B3B5-494DB7D22D86}.Release|Any CPU.Build.0 = Release|iPhoneSimulator
		{785AAE0B-13CC-4A9D-B3B5-494DB7D22D86}.Debug|iPhoneSimulator.ActiveCfg = Debug|iPhoneSimulator
		{785AAE0B-13CC-4A9D-B3B5-494DB7D22D86}.Debug|iPhoneSimulator.Build.0 = Debug|iPhoneSimulator
		{785AAE0B-13CC-4A9D-B3B5-494DB7D22D86}.Release|iPhoneSimulator.ActiveCfg = Release|iPhoneSimulator
		{785AAE0B-13CC-4A9D-B3B5-494DB7D22D86}.Release|iPhoneSimulator.Build.0 = Release|iPhoneSimulator
		{785AAE0B-13CC-4A9D-B3B5-494DB7D22D86}.Debug|iPhone.ActiveCfg = Debug|iPhone
		{785AAE0B-13CC-4A9D-B3B5-494DB7D22D86}.Debug|iPhone.Build.0 = Debug|iPhone
		{785AAE0B-13CC-4A9D-B3B5-494DB7D22D86}.Release|iPhone.ActiveCfg = Release|iPhone
		{785AAE0B-13CC-4A9D-B3B5-494DB7D22D86}.Release|iPhone.Build.0 = Release|iPhone
		{785AAE0B-13CC-4A9D-B3B5-494DB7D22D86}.Ad-Hoc|iPhone.ActiveCfg = Ad-Hoc|iPhone
		{785AAE0B-13CC-4A9D-B3B5-494DB7D22D86}.Ad-Hoc|iPhone.Build.0 = Ad-Hoc|iPhone
		{785AAE0B-13CC-4A9D-B3B5-494DB7D22D86}.AppStore|iPhone.ActiveCfg = AppStore|iPhone
		{785AAE0B-13CC-4A9D-B3B5-494DB7D22D86}.AppStore|iPhone.Build.0 = AppStore|iPhone
		{5DF96928-572E-4D53-ABCE-F8DA75DD0561}.Debug|Any CPU.ActiveCfg = Debug|Any CPU
		{5DF96928-572E-4D53-ABCE-F8DA75DD0561}.Debug|Any CPU.Build.0 = Debug|Any CPU
		{5DF96928-572E-4D53-ABCE-F8DA75DD0561}.Release|Any CPU.ActiveCfg = Release|Any CPU
		{5DF96928-572E-4D53-ABCE-F8DA75DD0561}.Release|Any CPU.Build.0 = Release|Any CPU
		{5DF96928-572E-4D53-ABCE-F8DA75DD0561}.Debug|iPhoneSimulator.ActiveCfg = Debug|Any CPU
		{5DF96928-572E-4D53-ABCE-F8DA75DD0561}.Debug|iPhoneSimulator.Build.0 = Debug|Any CPU
		{5DF96928-572E-4D53-ABCE-F8DA75DD0561}.Release|iPhoneSimulator.ActiveCfg = Release|Any CPU
		{5DF96928-572E-4D53-ABCE-F8DA75DD0561}.Release|iPhoneSimulator.Build.0 = Release|Any CPU
		{5DF96928-572E-4D53-ABCE-F8DA75DD0561}.Debug|iPhone.ActiveCfg = Debug|Any CPU
		{5DF96928-572E-4D53-ABCE-F8DA75DD0561}.Debug|iPhone.Build.0 = Debug|Any CPU
		{5DF96928-572E-4D53-ABCE-F8DA75DD0561}.Release|iPhone.ActiveCfg = Release|Any CPU
		{5DF96928-572E-4D53-ABCE-F8DA75DD0561}.Release|iPhone.Build.0 = Release|Any CPU
		{5DF96928-572E-4D53-ABCE-F8DA75DD0561}.Ad-Hoc|iPhone.ActiveCfg = Debug|Any CPU
		{5DF96928-572E-4D53-ABCE-F8DA75DD0561}.Ad-Hoc|iPhone.Build.0 = Debug|Any CPU
		{5DF96928-572E-4D53-ABCE-F8DA75DD0561}.AppStore|iPhone.ActiveCfg = Debug|Any CPU
		{5DF96928-572E-4D53-ABCE-F8DA75DD0561}.AppStore|iPhone.Build.0 = Debug|Any CPU
	EndGlobalSection
EndGlobal
